
Microsoft Visual Studio Solution File, Format Version 12.00
# Visual Studio Version 17
VisualStudioVersion = 17.11.35219.272
MinimumVisualStudioVersion = 10.0.40219.1
Project("{FAE04EC0-301F-11D3-BF4B-00C04F79EFBC}") = "LMS.LIBRARY.API", "LMS.LIBRARY.API\LMS.LIBRARY.API.csproj", "{4DB0A20B-CD03-438A-BB7D-4444656E4839}"
EndProject
Global
	GlobalSection(SolutionConfigurationPlatforms) = preSolution
		Debug|Any CPU = Debug|Any CPU
		Release|Any CPU = Release|Any CPU
	EndGlobalSection
	GlobalSection(ProjectConfigurationPlatforms) = postSolution
		{4DB0A20B-CD03-438A-BB7D-4444656E4839}.Debug|Any CPU.ActiveCfg = Debug|Any CPU
		{4DB0A20B-CD03-438A-BB7D-4444656E4839}.Debug|Any CPU.Build.0 = Debug|Any CPU
		{4DB0A20B-CD03-438A-BB7D-4444656E4839}.Release|Any CPU.ActiveCfg = Release|Any CPU
		{4DB0A20B-CD03-438A-BB7D-4444656E4839}.Release|Any CPU.Build.0 = Release|Any CPU
	EndGlobalSection
	GlobalSection(SolutionProperties) = preSolution
		HideSolutionNode = FALSE
	EndGlobalSection
	GlobalSection(ExtensibilityGlobals) = postSolution
		SolutionGuid = {E0AFF830-2E2E-4394-998C-E7406FE707BB}
	EndGlobalSection
EndGlobal
